
Microsoft Visual Studio Solution File, Format Version 12.00
# Visual Studio Version 17
VisualStudioVersion = 17.14.36603.0
MinimumVisualStudioVersion = 10.0.40219.1
Project("{FAE04EC0-301F-11D3-BF4B-00C04F79EFBC}") = "CachingServer", "CachingServer\CachingServer.csproj", "{07451C6C-49EF-40A8-99AA-147A0734A0E1}"
EndProject
Project("{FAE04EC0-301F-11D3-BF4B-00C04F79EFBC}") = "ProxyServer", "ProxyServer\ProxyServer.csproj", "{E8DCCB01-C735-48F5-BD86-C7F4480BA5E9}"
EndProject
Project("{FAE04EC0-301F-11D3-BF4B-00C04F79EFBC}") = "NotificationService", "NotificationService\NotificationService.csproj", "{DE27FC9C-A21C-4569-B7A0-0663703CE337}"
EndProject
Project("{FAE04EC0-301F-11D3-BF4B-00C04F79EFBC}") = "LetsGoBikingWeb", "LetsGoBikingWeb\LetsGoBikingWeb.csproj", "{1C46A694-C761-4F52-9AAF-FF648DCA7083}"
EndProject
Project("{FAE04EC0-301F-11D3-BF4B-00C04F79EFBC}") = "RoutingServer", "RoutingServer\RoutingServer.csproj", "{BE32933D-5E95-4BCC-B0FE-F9AD60E2EA3A}"
EndProject
Project("{2150E333-8FDC-42A3-9474-1A3956D46DE8}") = "Solution Items", "Solution Items", "{8EC462FD-D22E-90A8-E5CE-7E832BA40C5D}"
	ProjectSection(SolutionItems) = preProject
		LaunchAll.bat = LaunchAll.bat
	EndProjectSection
EndProject
Global
	GlobalSection(SolutionConfigurationPlatforms) = preSolution
		Debug|Any CPU = Debug|Any CPU
		Release|Any CPU = Release|Any CPU
	EndGlobalSection
	GlobalSection(ProjectConfigurationPlatforms) = postSolution
		{07451C6C-49EF-40A8-99AA-147A0734A0E1}.Debug|Any CPU.ActiveCfg = Debug|Any CPU
		{07451C6C-49EF-40A8-99AA-147A0734A0E1}.Debug|Any CPU.Build.0 = Debug|Any CPU
		{07451C6C-49EF-40A8-99AA-147A0734A0E1}.Release|Any CPU.ActiveCfg = Release|Any CPU
		{07451C6C-49EF-40A8-99AA-147A0734A0E1}.Release|Any CPU.Build.0 = Release|Any CPU
		{E8DCCB01-C735-48F5-BD86-C7F4480BA5E9}.Debug|Any CPU.ActiveCfg = Debug|Any CPU
		{E8DCCB01-C735-48F5-BD86-C7F4480BA5E9}.Debug|Any CPU.Build.0 = Debug|Any CPU
		{E8DCCB01-C735-48F5-BD86-C7F4480BA5E9}.Release|Any CPU.ActiveCfg = Release|Any CPU
		{E8DCCB01-C735-48F5-BD86-C7F4480BA5E9}.Release|Any CPU.Build.0 = Release|Any CPU
		{DE27FC9C-A21C-4569-B7A0-0663703CE337}.Debug|Any CPU.ActiveCfg = Debug|Any CPU
		{DE27FC9C-A21C-4569-B7A0-0663703CE337}.Debug|Any CPU.Build.0 = Debug|Any CPU
		{DE27FC9C-A21C-4569-B7A0-0663703CE337}.Release|Any CPU.ActiveCfg = Release|Any CPU
		{DE27FC9C-A21C-4569-B7A0-0663703CE337}.Release|Any CPU.Build.0 = Release|Any CPU
		{1C46A694-C761-4F52-9AAF-FF648DCA7083}.Debug|Any CPU.ActiveCfg = Debug|Any CPU
		{1C46A694-C761-4F52-9AAF-FF648DCA7083}.Debug|Any CPU.Build.0 = Debug|Any CPU
		{1C46A694-C761-4F52-9AAF-FF648DCA7083}.Release|Any CPU.ActiveCfg = Release|Any CPU
		{1C46A694-C761-4F52-9AAF-FF648DCA7083}.Release|Any CPU.Build.0 = Release|Any CPU
		{BE32933D-5E95-4BCC-B0FE-F9AD60E2EA3A}.Debug|Any CPU.ActiveCfg = Debug|Any CPU
		{BE32933D-5E95-4BCC-B0FE-F9AD60E2EA3A}.Debug|Any CPU.Build.0 = Debug|Any CPU
		{BE32933D-5E95-4BCC-B0FE-F9AD60E2EA3A}.Release|Any CPU.ActiveCfg = Release|Any CPU
		{BE32933D-5E95-4BCC-B0FE-F9AD60E2EA3A}.Release|Any CPU.Build.0 = Release|Any CPU
	EndGlobalSection
	GlobalSection(SolutionProperties) = preSolution
		HideSolutionNode = FALSE
	EndGlobalSection
	GlobalSection(ExtensibilityGlobals) = postSolution
		SolutionGuid = {B452C8D9-E6B9-47A1-99AB-F18A3C01D17C}
	EndGlobalSection
EndGlobal
